PODS:
  - Bolts-Swift (1.3.0)
  - DBClient/Core (0.1):
    - Bolts-Swift (~> 1.3.0)
  - DBClient/CoreData (0.1):
    - DBClient/Core
  - DBClient/Realm (0.1):
    - DBClient/Core
    - RealmSwift (~> 2.8.1)
  - Realm (2.8.3):
    - Realm/Headers (= 2.8.3)
  - Realm/Headers (2.8.3)
  - RealmSwift (2.8.3):
    - Realm (= 2.8.3)

DEPENDENCIES:
  - DBClient/CoreData (from `../`)
  - DBClient/Realm (from `../`)

SPEC REPOS:
  https://github.com/CocoaPods/Specs.git:
    - Bolts-Swift
    - Realm
    - RealmSwift

EXTERNAL SOURCES:
  DBClient:
    :path: "../"

SPEC CHECKSUMS:
  Bolts-Swift: fa98d1b59fc1acea9b21a21306dcdca1c85e3737
  DBClient: 464c0e9e1c858564657ce8c72ef80409c3b5e79d
  Realm: 3601ef091c8c499a31101d8563b991e75546cdce
  RealmSwift: 8183818515471b01a99abdd2970f8e4fd52b6f4a

PODFILE CHECKSUM: 179eda0e5897e0216cdd26b5cd14adae089b4671

COCOAPODS: 1.5.0
