PODS:
  - DBClient/Core (1.0):
    - YALResult (= 1.0)
  - DBClient/CoreData (1.0):
    - DBClient/Core
    - YALResult (= 1.0)
  - DBClient/Realm (1.0):
    - DBClient/Core
    - RealmSwift (~> 3.11)
    - YALResult (= 1.0)
  - Realm (3.11.0):
    - Realm/Headers (= 3.11.0)
  - Realm/Headers (3.11.0)
  - RealmSwift (3.11.0):
    - Realm (= 3.11.0)
  - YALResult (1.0)

DEPENDENCIES:
  - DBClient/CoreData (from `../`)
  - DBClient/Realm (from `../`)

SPEC REPOS:
  https://github.com/cocoapods/specs.git:
    - Realm
    - RealmSwift
    - YALResult

EXTERNAL SOURCES:
  DBClient:
    :path: "../"

SPEC CHECKSUMS:
  DBClient: 612b814b0b79d6c3018db268408071ee0abeebbc
  Realm: 92f09a102692b96a9a10e9617f214f15c5ab85fc
  RealmSwift: 5f0481cd658bb751c509314b964a35eaa264d2cf
  YALResult: 0ce7a5a3b12a4e06b39725cebb86f3e7ea3c9d8e

PODFILE CHECKSUM: 01e2cf56f70348c45b9e7248a505591dd86d210b

COCOAPODS: 1.5.3
