// !$*UTF8*$!
{
	archiveVersion = 1;
	classes = {
	};
	objectVersion = 46;
	objects = {

/* Begin PBXBuildFile section */
		3071EF136E507751AB41A763 /* Pods_DBClient_Example.framework in Frameworks */ = {isa = PBXBuildFile; fileRef = 3DAB183F54CA2F2F573F9C35 /* Pods_DBClient_Example.framework */; };
		B814BDE51E1FF36500DAC10D /* ManagedUser+CoreDataClass.swift in Sources */ = {isa = PBXBuildFile; fileRef = B814BDDE1E1FF36500DAC10D /* ManagedUser+CoreDataClass.swift */; };
		B814BDE61E1FF36500DAC10D /* ManagedUser+CoreDataProperties.swift in Sources */ = {isa = PBXBuildFile; fileRef = B814BDDF1E1FF36500DAC10D /* ManagedUser+CoreDataProperties.swift */; };
		B814BDE71E1FF36500DAC10D /* User+CoreData.swift in Sources */ = {isa = PBXBuildFile; fileRef = B814BDE01E1FF36500DAC10D /* User+CoreData.swift */; };
		B814BDE81E1FF36500DAC10D /* Users.xcdatamodeld in Sources */ = {isa = PBXBuildFile; fileRef = B814BDE11E1FF36500DAC10D /* Users.xcdatamodeld */; };
		B814BDE91E1FF36500DAC10D /* User+Realm.swift in Sources */ = {isa = PBXBuildFile; fileRef = B814BDE41E1FF36500DAC10D /* User+Realm.swift */; };
		B814BDEB1E1FF3A800DAC10D /* User.swift in Sources */ = {isa = PBXBuildFile; fileRef = B814BDEA1E1FF3A800DAC10D /* User.swift */; };
		B814BDED1E1FF6D400DAC10D /* ObjectUser.swift in Sources */ = {isa = PBXBuildFile; fileRef = B814BDEC1E1FF6D400DAC10D /* ObjectUser.swift */; };
		B814BDEF1E1FF8EC00DAC10D /* DBClientInjector.swift in Sources */ = {isa = PBXBuildFile; fileRef = B814BDEE1E1FF8EC00DAC10D /* DBClientInjector.swift */; };
		B822B6FC1E1FF069009A2CB1 /* AppDelegate.swift in Sources */ = {isa = PBXBuildFile; fileRef = B822B6FB1E1FF069009A2CB1 /* AppDelegate.swift */; };
		B822B6FE1E1FF069009A2CB1 /* ViewController.swift in Sources */ = {isa = PBXBuildFile; fileRef = B822B6FD1E1FF069009A2CB1 /* ViewController.swift */; };
		B822B7011E1FF069009A2CB1 /* Main.storyboard in Resources */ = {isa = PBXBuildFile; fileRef = B822B6FF1E1FF069009A2CB1 /* Main.storyboard */; };
		B822B7031E1FF069009A2CB1 /* Assets.xcassets in Resources */ = {isa = PBXBuildFile; fileRef = B822B7021E1FF069009A2CB1 /* Assets.xcassets */; };
		B822B7061E1FF069009A2CB1 /* LaunchScreen.storyboard in Resources */ = {isa = PBXBuildFile; fileRef = B822B7041E1FF069009A2CB1 /* LaunchScreen.storyboard */; };
/* End PBXBuildFile section */

/* Begin PBXFileReference section */
		3DAB183F54CA2F2F573F9C35 /* Pods_DBClient_Example.framework */ = {isa = PBXFileReference; explicitFileType = wrapper.framework; includeInIndex = 0; path = Pods_DBClient_Example.framework; sourceTree = BUILT_PRODUCTS_DIR; };
		55EAF574D5EEC11BB4C512CD /* Pods-DBClient-Example.debug.xcconfig */ = {isa = PBXFileReference; includeInIndex = 1; lastKnownFileType = text.xcconfig; name = "Pods-DBClient-Example.debug.xcconfig"; path = "Pods/Target Support Files/Pods-DBClient-Example/Pods-DBClient-Example.debug.xcconfig"; sourceTree = "<group>"; };
		B814BDDE1E1FF36500DAC10D /* ManagedUser+CoreDataClass.swift */ = {isa = PBXFileReference; fileEncoding = 4; lastKnownFileType = sourcecode.swift; path = "ManagedUser+CoreDataClass.swift"; sourceTree = "<group>"; };
		B814BDDF1E1FF36500DAC10D /* ManagedUser+CoreDataProperties.swift */ = {isa = PBXFileReference; fileEncoding = 4; lastKnownFileType = sourcecode.swift; path = "ManagedUser+CoreDataProperties.swift"; sourceTree = "<group>"; };
		B814BDE01E1FF36500DAC10D /* User+CoreData.swift */ = {isa = PBXFileReference; fileEncoding = 4; lastKnownFileType = sourcecode.swift; path = "User+CoreData.swift"; sourceTree = "<group>"; };
		B814BDE21E1FF36500DAC10D /* Users.xcdatamodel */ = {isa = PBXFileReference; lastKnownFileType = wrapper.xcdatamodel; path = Users.xcdatamodel; sourceTree = "<group>"; };
		B814BDE41E1FF36500DAC10D /* User+Realm.swift */ = {isa = PBXFileReference; fileEncoding = 4; lastKnownFileType = sourcecode.swift; path = "User+Realm.swift"; sourceTree = "<group>"; };
		B814BDEA1E1FF3A800DAC10D /* User.swift */ = {isa = PBXFileReference; fileEncoding = 4; lastKnownFileType = sourcecode.swift; path = User.swift; sourceTree = "<group>"; };
		B814BDEC1E1FF6D400DAC10D /* ObjectUser.swift */ = {isa = PBXFileReference; fileEncoding = 4; lastKnownFileType = sourcecode.swift; path = ObjectUser.swift; sourceTree = "<group>"; };
		B814BDEE1E1FF8EC00DAC10D /* DBClientInjector.swift */ = {isa = PBXFileReference; fileEncoding = 4; lastKnownFileType = sourcecode.swift; path = DBClientInjector.swift; sourceTree = "<group>"; };
		B822B6F81E1FF069009A2CB1 /* DBClient-Example.app */ = {isa = PBXFileReference; explicitFileType = wrapper.application; includeInIndex = 0; path = "DBClient-Example.app"; sourceTree = BUILT_PRODUCTS_DIR; };
		B822B6FB1E1FF069009A2CB1 /* AppDelegate.swift */ = {isa = PBXFileReference; lastKnownFileType = sourcecode.swift; path = AppDelegate.swift; sourceTree = "<group>"; };
		B822B6FD1E1FF069009A2CB1 /* ViewController.swift */ = {isa = PBXFileReference; lastKnownFileType = sourcecode.swift; path = ViewController.swift; sourceTree = "<group>"; };
		B822B7001E1FF069009A2CB1 /* Base */ = {isa = PBXFileReference; lastKnownFileType = file.storyboard; name = Base; path = Base.lproj/Main.storyboard; sourceTree = "<group>"; };
		B822B7021E1FF069009A2CB1 /* Assets.xcassets */ = {isa = PBXFileReference; lastKnownFileType = folder.assetcatalog; path = Assets.xcassets; sourceTree = "<group>"; };
		B822B7051E1FF069009A2CB1 /* Base */ = {isa = PBXFileReference; lastKnownFileType = file.storyboard; name = Base; path = Base.lproj/LaunchScreen.storyboard; sourceTree = "<group>"; };
		B822B7071E1FF069009A2CB1 /* Info.plist */ = {isa = PBXFileReference; lastKnownFileType = text.plist.xml; path = Info.plist; sourceTree = "<group>"; };
		C4FD1E466B12B658B00778AA /* Pods-DBClient-Example.release.xcconfig */ = {isa = PBXFileReference; includeInIndex = 1; lastKnownFileType = text.xcconfig; name = "Pods-DBClient-Example.release.xcconfig"; path = "Pods/Target Support Files/Pods-DBClient-Example/Pods-DBClient-Example.release.xcconfig"; sourceTree = "<group>"; };
/* End PBXFileReference section */

/* Begin PBXFrameworksBuildPhase section */
		B822B6F51E1FF069009A2CB1 /* Frameworks */ = {
			isa = PBXFrameworksBuildPhase;
			buildActionMask = 2147483647;
			files = (
				3071EF136E507751AB41A763 /* Pods_DBClient_Example.framework in Frameworks */,
			);
			runOnlyForDeploymentPostprocessing = 0;
		};
/* End PBXFrameworksBuildPhase section */

/* Begin PBXGroup section */
		56291054E7C162F60094C092 /* Frameworks */ = {
			isa = PBXGroup;
			children = (
				3DAB183F54CA2F2F573F9C35 /* Pods_DBClient_Example.framework */,
			);
			name = Frameworks;
			sourceTree = "<group>";
		};
		B814BDDD1E1FF36500DAC10D /* CoreData */ = {
			isa = PBXGroup;
			children = (
				B814BDDE1E1FF36500DAC10D /* ManagedUser+CoreDataClass.swift */,
				B814BDDF1E1FF36500DAC10D /* ManagedUser+CoreDataProperties.swift */,
				B814BDE01E1FF36500DAC10D /* User+CoreData.swift */,
				B814BDE11E1FF36500DAC10D /* Users.xcdatamodeld */,
			);
			path = CoreData;
			sourceTree = "<group>";
		};
		B814BDE31E1FF36500DAC10D /* Realm */ = {
			isa = PBXGroup;
			children = (
				B814BDE41E1FF36500DAC10D /* User+Realm.swift */,
				B814BDEC1E1FF6D400DAC10D /* ObjectUser.swift */,
			);
			path = Realm;
			sourceTree = "<group>";
		};
		B822B6EF1E1FF069009A2CB1 = {
			isa = PBXGroup;
			children = (
				B822B6FA1E1FF069009A2CB1 /* DBClient-Example */,
				B822B6F91E1FF069009A2CB1 /* Products */,
				C4BD4B76B169ED56068753D3 /* Pods */,
				56291054E7C162F60094C092 /* Frameworks */,
			);
			sourceTree = "<group>";
		};
		B822B6F91E1FF069009A2CB1 /* Products */ = {
			isa = PBXGroup;
			children = (
				B822B6F81E1FF069009A2CB1 /* DBClient-Example.app */,
			);
			name = Products;
			sourceTree = "<group>";
		};
		B822B6FA1E1FF069009A2CB1 /* DBClient-Example */ = {
			isa = PBXGroup;
			children = (
				B814BDDD1E1FF36500DAC10D /* CoreData */,
				B814BDE31E1FF36500DAC10D /* Realm */,
				B822B6FB1E1FF069009A2CB1 /* AppDelegate.swift */,
				B822B6FD1E1FF069009A2CB1 /* ViewController.swift */,
				B822B6FF1E1FF069009A2CB1 /* Main.storyboard */,
				B822B7021E1FF069009A2CB1 /* Assets.xcassets */,
				B822B7041E1FF069009A2CB1 /* LaunchScreen.storyboard */,
				B822B7071E1FF069009A2CB1 /* Info.plist */,
				B814BDEA1E1FF3A800DAC10D /* User.swift */,
				B814BDEE1E1FF8EC00DAC10D /* DBClientInjector.swift */,
			);
			path = "DBClient-Example";
			sourceTree = "<group>";
		};
		C4BD4B76B169ED56068753D3 /* Pods */ = {
			isa = PBXGroup;
			children = (
				55EAF574D5EEC11BB4C512CD /* Pods-DBClient-Example.debug.xcconfig */,
				C4FD1E466B12B658B00778AA /* Pods-DBClient-Example.release.xcconfig */,
			);
			name = Pods;
			sourceTree = "<group>";
		};
/* End PBXGroup section */

/* Begin PBXNativeTarget section */
		B822B6F71E1FF069009A2CB1 /* DBClient-Example */ = {
			isa = PBXNativeTarget;
			buildConfigurationList = B822B70A1E1FF069009A2CB1 /* Build configuration list for PBXNativeTarget "DBClient-Example" */;
			buildPhases = (
				0DFD43F8B76D9C5589B9DA3D /* [CP] Check Pods Manifest.lock */,
				B822B6F41E1FF069009A2CB1 /* Sources */,
				B822B6F51E1FF069009A2CB1 /* Frameworks */,
				B822B6F61E1FF069009A2CB1 /* Resources */,
				4516890C1A8566D7BE3546F3 /* [CP] Embed Pods Frameworks */,
				6E0B0F096BC9C2B0E95D8FE8 /* [CP] Copy Pods Resources */,
			);
			buildRules = (
			);
			dependencies = (
			);
			name = "DBClient-Example";
			productName = "DBClient-Example";
			productReference = B822B6F81E1FF069009A2CB1 /* DBClient-Example.app */;
			productType = "com.apple.product-type.application";
		};
/* End PBXNativeTarget section */

/* Begin PBXProject section */
		B822B6F01E1FF069009A2CB1 /* Project object */ = {
			isa = PBXProject;
			attributes = {
				LastSwiftUpdateCheck = 0820;
				LastUpgradeCheck = 0820;
				ORGANIZATIONNAME = Yalantis;
				TargetAttributes = {
					B822B6F71E1FF069009A2CB1 = {
						CreatedOnToolsVersion = 8.2.1;
						ProvisioningStyle = Automatic;
					};
				};
			};
			buildConfigurationList = B822B6F31E1FF069009A2CB1 /* Build configuration list for PBXProject "DBClient-Example" */;
			compatibilityVersion = "Xcode 3.2";
			developmentRegion = English;
			hasScannedForEncodings = 0;
			knownRegions = (
				en,
				Base,
			);
			mainGroup = B822B6EF1E1FF069009A2CB1;
			productRefGroup = B822B6F91E1FF069009A2CB1 /* Products */;
			projectDirPath = "";
			projectRoot = "";
			targets = (
				B822B6F71E1FF069009A2CB1 /* DBClient-Example */,
			);
		};
/* End PBXProject section */

/* Begin PBXResourcesBuildPhase section */
		B822B6F61E1FF069009A2CB1 /* Resources */ = {
			isa = PBXResourcesBuildPhase;
			buildActionMask = 2147483647;
			files = (
				B822B7061E1FF069009A2CB1 /* LaunchScreen.storyboard in Resources */,
				B822B7031E1FF069009A2CB1 /* Assets.xcassets in Resources */,
				B822B7011E1FF069009A2CB1 /* Main.storyboard in Resources */,
			);
			runOnlyForDeploymentPostprocessing = 0;
		};
/* End PBXResourcesBuildPhase section */

/* Begin PBXShellScriptBuildPhase section */
		0DFD43F8B76D9C5589B9DA3D /* [CP] Check Pods Manifest.lock */ = {
			isa = PBXShellScriptBuildPhase;
			buildActionMask = 2147483647;
			files = (
			);
			inputPaths = (
			);
			name = "[CP] Check Pods Manifest.lock";
			outputPaths = (
			);
			runOnlyForDeploymentPostprocessing = 0;
			shellPath = /bin/sh;
			shellScript = "diff \"${PODS_ROOT}/../Podfile.lock\" \"${PODS_ROOT}/Manifest.lock\" > /dev/null\nif [ $? != 0 ] ; then\n    # print error to STDERR\n    echo \"error: The sandbox is not in sync with the Podfile.lock. Run 'pod install' or update your CocoaPods installation.\" >&2\n    exit 1\nfi\n";
			showEnvVarsInLog = 0;
		};
		4516890C1A8566D7BE3546F3 /* [CP] Embed Pods Frameworks */ = {
			isa = PBXShellScriptBuildPhase;
			buildActionMask = 2147483647;
			files = (
			);
			inputPaths = (
			);
			name = "[CP] Embed Pods Frameworks";
			outputPaths = (
			);
			runOnlyForDeploymentPostprocessing = 0;
			shellPath = /bin/sh;
			shellScript = "\"${SRCROOT}/Pods/Target Support Files/Pods-DBClient-Example/Pods-DBClient-Example-frameworks.sh\"\n";
			showEnvVarsInLog = 0;
		};
		6E0B0F096BC9C2B0E95D8FE8 /* [CP] Copy Pods Resources */ = {
			isa = PBXShellScriptBuildPhase;
			buildActionMask = 2147483647;
			files = (
			);
			inputPaths = (
			);
			name = "[CP] Copy Pods Resources";
			outputPaths = (
			);
			runOnlyForDeploymentPostprocessing = 0;
			shellPath = /bin/sh;
			shellScript = "\"${SRCROOT}/Pods/Target Support Files/Pods-DBClient-Example/Pods-DBClient-Example-resources.sh\"\n";
			showEnvVarsInLog = 0;
		};
/* End PBXShellScriptBuildPhase section */

/* Begin PBXSourcesBuildPhase section */
		B822B6F41E1FF069009A2CB1 /* Sources */ = {
			isa = PBXSourcesBuildPhase;
			buildActionMask = 2147483647;
			files = (
				B814BDE71E1FF36500DAC10D /* User+CoreData.swift in Sources */,
				B814BDED1E1FF6D400DAC10D /* ObjectUser.swift in Sources */,
				B814BDEF1E1FF8EC00DAC10D /* DBClientInjector.swift in Sources */,
				B822B6FE1E1FF069009A2CB1 /* ViewController.swift in Sources */,
				B814BDE91E1FF36500DAC10D /* User+Realm.swift in Sources */,
				B814BDE51E1FF36500DAC10D /* ManagedUser+CoreDataClass.swift in Sources */,
				B814BDEB1E1FF3A800DAC10D /* User.swift in Sources */,
				B814BDE61E1FF36500DAC10D /* ManagedUser+CoreDataProperties.swift in Sources */,
				B814BDE81E1FF36500DAC10D /* Users.xcdatamodeld in Sources */,
				B822B6FC1E1FF069009A2CB1 /* AppDelegate.swift in Sources */,
			);
			runOnlyForDeploymentPostprocessing = 0;
		};
/* End PBXSourcesBuildPhase section */

/* Begin PBXVariantGroup section */
		B822B6FF1E1FF069009A2CB1 /* Main.storyboard */ = {
			isa = PBXVariantGroup;
			children = (
				B822B7001E1FF069009A2CB1 /* Base */,
			);
			name = Main.storyboard;
			sourceTree = "<group>";
		};
		B822B7041E1FF069009A2CB1 /* LaunchScreen.storyboard */ = {
			isa = PBXVariantGroup;
			children = (
				B822B7051E1FF069009A2CB1 /* Base */,
			);
			name = LaunchScreen.storyboard;
			sourceTree = "<group>";
		};
/* End PBXVariantGroup section */

/* Begin XCBuildConfiguration section */
		B822B7081E1FF069009A2CB1 /* Debug */ = {
			isa = XCBuildConfiguration;
			buildSettings = {
				ALWAYS_SEARCH_USER_PATHS = NO;
				CLANG_ANALYZER_NONNULL = YES;
				CLANG_CXX_LANGUAGE_STANDARD = "gnu++0x";
				CLANG_CXX_LIBRARY = "libc++";
				CLANG_ENABLE_MODULES = YES;
				CLANG_ENABLE_OBJC_ARC = YES;
				CLANG_WARN_BOOL_CONVERSION = YES;
				CLANG_WARN_CONSTANT_CONVERSION = YES;
				CLANG_WARN_DIRECT_OBJC_ISA_USAGE = YES_ERROR;
				CLANG_WARN_DOCUMENTATION_COMMENTS = YES;
				CLANG_WARN_EMPTY_BODY = YES;
				CLANG_WARN_ENUM_CONVERSION = YES;
				CLANG_WARN_INFINITE_RECURSION = YES;
				CLANG_WARN_INT_CONVERSION = YES;
				CLANG_WARN_OBJC_ROOT_CLASS = YES_ERROR;
				CLANG_WARN_SUSPICIOUS_MOVE = YES;
				CLANG_WARN_UNREACHABLE_CODE = YES;
				CLANG_WARN__DUPLICATE_METHOD_MATCH = YES;
				"CODE_SIGN_IDENTITY[sdk=iphoneos*]" = "iPhone Developer";
				COPY_PHASE_STRIP = NO;
				DEBUG_INFORMATION_FORMAT = dwarf;
				ENABLE_STRICT_OBJC_MSGSEND = YES;
				ENABLE_TESTABILITY = YES;
				GCC_C_LANGUAGE_STANDARD = gnu99;
				GCC_DYNAMIC_NO_PIC = NO;
				GCC_NO_COMMON_BLOCKS = YES;
				GCC_OPTIMIZATION_LEVEL = 0;
				GCC_PREPROCESSOR_DEFINITIONS = (
					"DEBUG=1",
					"$(inherited)",
				);
				GCC_WARN_64_TO_32_BIT_CONVERSION = YES;
				GCC_WARN_ABOUT_RETURN_TYPE = YES_ERROR;
				GCC_WARN_UNDECLARED_SELECTOR = YES;
				GCC_WARN_UNINITIALIZED_AUTOS = YES_AGGRESSIVE;
				GCC_WARN_UNUSED_FUNCTION = YES;
				GCC_WARN_UNUSED_VARIABLE = YES;
				IPHONEOS_DEPLOYMENT_TARGET = 10.2;
				MTL_ENABLE_DEBUG_INFO = YES;
				ONLY_ACTIVE_ARCH = YES;
				SDKROOT = iphoneos;
				SWIFT_ACTIVE_COMPILATION_CONDITIONS = DEBUG;
				SWIFT_OPTIMIZATION_LEVEL = "-Onone";
			};
			name = Debug;
		};
		B822B7091E1FF069009A2CB1 /* Release */ = {
			isa = XCBuildConfiguration;
			buildSettings = {
				ALWAYS_SEARCH_USER_PATHS = NO;
				CLANG_ANALYZER_NONNULL = YES;
				CLANG_CXX_LANGUAGE_STANDARD = "gnu++0x";
				CLANG_CXX_LIBRARY = "libc++";
				CLANG_ENABLE_MODULES = YES;
				CLANG_ENABLE_OBJC_ARC = YES;
				CLANG_WARN_BOOL_CONVERSION = YES;
				CLANG_WARN_CONSTANT_CONVERSION = YES;
				CLANG_WARN_DIRECT_OBJC_ISA_USAGE = YES_ERROR;
				CLANG_WARN_DOCUMENTATION_COMMENTS = YES;
				CLANG_WARN_EMPTY_BODY = YES;
				CLANG_WARN_ENUM_CONVERSION = YES;
				CLANG_WARN_INFINITE_RECURSION = YES;
				CLANG_WARN_INT_CONVERSION = YES;
				CLANG_WARN_OBJC_ROOT_CLASS = YES_ERROR;
				CLANG_WARN_SUSPICIOUS_MOVE = YES;
				CLANG_WARN_UNREACHABLE_CODE = YES;
				CLANG_WARN__DUPLICATE_METHOD_MATCH = YES;
				"CODE_SIGN_IDENTITY[sdk=iphoneos*]" = "iPhone Developer";
				COPY_PHASE_STRIP = NO;
				DEBUG_INFORMATION_FORMAT = "dwarf-with-dsym";
				ENABLE_NS_ASSERTIONS = NO;
				ENABLE_STRICT_OBJC_MSGSEND = YES;
				GCC_C_LANGUAGE_STANDARD = gnu99;
				GCC_NO_COMMON_BLOCKS = YES;
				GCC_WARN_64_TO_32_BIT_CONVERSION = YES;
				GCC_WARN_ABOUT_RETURN_TYPE = YES_ERROR;
				GCC_WARN_UNDECLARED_SELECTOR = YES;
				GCC_WARN_UNINITIALIZED_AUTOS = YES_AGGRESSIVE;
				GCC_WARN_UNUSED_FUNCTION = YES;
				GCC_WARN_UNUSED_VARIABLE = YES;
				IPHONEOS_DEPLOYMENT_TARGET = 10.2;
				MTL_ENABLE_DEBUG_INFO = NO;
				SDKROOT = iphoneos;
				SWIFT_OPTIMIZATION_LEVEL = "-Owholemodule";
				VALIDATE_PRODUCT = YES;
			};
			name = Release;
		};
		B822B70B1E1FF069009A2CB1 /* Debug */ = {
			isa = XCBuildConfiguration;
			baseConfigurationReference = 55EAF574D5EEC11BB4C512CD /* Pods-DBClient-Example.debug.xcconfig */;
			buildSettings = {
				ASSETCATALOG_COMPILER_APPICON_NAME = AppIcon;
				INFOPLIST_FILE = "DBClient-Example/Info.plist";
				LD_RUNPATH_SEARCH_PATHS = "$(inherited) @executable_path/Frameworks";
				PRODUCT_BUNDLE_IDENTIFIER = "com.yalantis.DBClient-Example";
				PRODUCT_NAME = "$(TARGET_NAME)";
				SWIFT_VERSION = 3.0;
			};
			name = Debug;
		};
		B822B70C1E1FF069009A2CB1 /* Release */ = {
			isa = XCBuildConfiguration;
			baseConfigurationReference = C4FD1E466B12B658B00778AA /* Pods-DBClient-Example.release.xcconfig */;
			buildSettings = {
				ASSETCATALOG_COMPILER_APPICON_NAME = AppIcon;
				INFOPLIST_FILE = "DBClient-Example/Info.plist";
				LD_RUNPATH_SEARCH_PATHS = "$(inherited) @executable_path/Frameworks";
				PRODUCT_BUNDLE_IDENTIFIER = "com.yalantis.DBClient-Example";
				PRODUCT_NAME = "$(TARGET_NAME)";
				SWIFT_VERSION = 3.0;
			};
			name = Release;
		};
/* End XCBuildConfiguration section */

/* Begin XCConfigurationList section */
		B822B6F31E1FF069009A2CB1 /* Build configuration list for PBXProject "DBClient-Example" */ = {
			isa = XCConfigurationList;
			buildConfigurations = (
				B822B7081E1FF069009A2CB1 /* Debug */,
				B822B7091E1FF069009A2CB1 /* Release */,
			);
			defaultConfigurationIsVisible = 0;
			defaultConfigurationName = Release;
		};
		B822B70A1E1FF069009A2CB1 /* Build configuration list for PBXNativeTarget "DBClient-Example" */ = {
			isa = XCConfigurationList;
			buildConfigurations = (
				B822B70B1E1FF069009A2CB1 /* Debug */,
				B822B70C1E1FF069009A2CB1 /* Release */,
			);
			defaultConfigurationIsVisible = 0;
			defaultConfigurationName = Release;
		};
/* End XCConfigurationList section */

/* Begin XCVersionGroup section */
		B814BDE11E1FF36500DAC10D /* Users.xcdatamodeld */ = {
			isa = XCVersionGroup;
			children = (
				B814BDE21E1FF36500DAC10D /* Users.xcdatamodel */,
			);
			currentVersion = B814BDE21E1FF36500DAC10D /* Users.xcdatamodel */;
			path = Users.xcdatamodeld;
			sourceTree = "<group>";
			versionGroupType = wrapper.xcdatamodel;
		};
/* End XCVersionGroup section */
	};
	rootObject = B822B6F01E1FF069009A2CB1 /* Project object */;
}
